
Microsoft Visual Studio Solution File, Format Version 12.00
# Visual Studio 15
VisualStudioVersion = 15.0.28307.539
MinimumVisualStudioVersion = 10.0.40219.1
Project("{9A19103F-16F7-4668-BE54-9A1E7A4F7556}") = "MySoftLog.Model", "MySoftLog.Model\MySoftLog.Model.csproj", "{ACA33B4C-BBB9-4166-BFE5-19096062DE72}"
EndProject
Project("{9A19103F-16F7-4668-BE54-9A1E7A4F7556}") = "MySoftLog.IService", "MySoftLog.IService\MySoftLog.IService.csproj", "{B52F2049-10CC-4628-BBAF-3DDA81EF8F12}"
EndProject
Project("{9A19103F-16F7-4668-BE54-9A1E7A4F7556}") = "MySoftLog.IRepository", "MySoftLog.IRepository\MySoftLog.IRepository.csproj", "{6BA2FABF-6EA6-420D-961E-94B893E5B513}"
EndProject
Project("{2150E333-8FDC-42A3-9474-1A3956D46DE8}") = "AppService", "AppService", "{962E9414-68E3-4CC6-82BF-533091D1F1A5}"
EndProject
Project("{2150E333-8FDC-42A3-9474-1A3956D46DE8}") = "Repository", "Repository", "{03DAA313-F58C-4DDF-9B93-F9170103E696}"
EndProject
Project("{9A19103F-16F7-4668-BE54-9A1E7A4F7556}") = "MysoftLog.DaoShu.Appservice", "MysoftLog.DaoShu.Appservice\MysoftLog.DaoShu.Appservice.csproj", "{11A1718E-30C3-496E-B8FF-5D0DD1218B0C}"
EndProject
Project("{FAE04EC0-301F-11D3-BF4B-00C04F79EFBC}") = "MySoftLog.Core", "MySoftLog.Core\MySoftLog.Core.csproj", "{EE0DCD34-D8D4-4049-A262-0CB0D981605C}"
EndProject
Global
	GlobalSection(SolutionConfigurationPlatforms) = preSolution
		Debug|Any CPU = Debug|Any CPU
		Release|Any CPU = Release|Any CPU
	EndGlobalSection
	GlobalSection(ProjectConfigurationPlatforms) = postSolution
		{ACA33B4C-BBB9-4166-BFE5-19096062DE72}.Debug|Any CPU.ActiveCfg = Debug|Any CPU
		{ACA33B4C-BBB9-4166-BFE5-19096062DE72}.Debug|Any CPU.Build.0 = Debug|Any CPU
		{ACA33B4C-BBB9-4166-BFE5-19096062DE72}.Release|Any CPU.ActiveCfg = Release|Any CPU
		{ACA33B4C-BBB9-4166-BFE5-19096062DE72}.Release|Any CPU.Build.0 = Release|Any CPU
		{B52F2049-10CC-4628-BBAF-3DDA81EF8F12}.Debug|Any CPU.ActiveCfg = Debug|Any CPU
		{B52F2049-10CC-4628-BBAF-3DDA81EF8F12}.Debug|Any CPU.Build.0 = Debug|Any CPU
		{B52F2049-10CC-4628-BBAF-3DDA81EF8F12}.Release|Any CPU.ActiveCfg = Release|Any CPU
		{B52F2049-10CC-4628-BBAF-3DDA81EF8F12}.Release|Any CPU.Build.0 = Release|Any CPU
		{6BA2FABF-6EA6-420D-961E-94B893E5B513}.Debug|Any CPU.ActiveCfg = Debug|Any CPU
		{6BA2FABF-6EA6-420D-961E-94B893E5B513}.Debug|Any CPU.Build.0 = Debug|Any CPU
		{6BA2FABF-6EA6-420D-961E-94B893E5B513}.Release|Any CPU.ActiveCfg = Release|Any CPU
		{6BA2FABF-6EA6-420D-961E-94B893E5B513}.Release|Any CPU.Build.0 = Release|Any CPU
		{11A1718E-30C3-496E-B8FF-5D0DD1218B0C}.Debug|Any CPU.ActiveCfg = Debug|Any CPU
		{11A1718E-30C3-496E-B8FF-5D0DD1218B0C}.Debug|Any CPU.Build.0 = Debug|Any CPU
		{11A1718E-30C3-496E-B8FF-5D0DD1218B0C}.Release|Any CPU.ActiveCfg = Release|Any CPU
		{11A1718E-30C3-496E-B8FF-5D0DD1218B0C}.Release|Any CPU.Build.0 = Release|Any CPU
		{EE0DCD34-D8D4-4049-A262-0CB0D981605C}.Debug|Any CPU.ActiveCfg = Debug|Any CPU
		{EE0DCD34-D8D4-4049-A262-0CB0D981605C}.Debug|Any CPU.Build.0 = Debug|Any CPU
		{EE0DCD34-D8D4-4049-A262-0CB0D981605C}.Release|Any CPU.ActiveCfg = Release|Any CPU
		{EE0DCD34-D8D4-4049-A262-0CB0D981605C}.Release|Any CPU.Build.0 = Release|Any CPU
	EndGlobalSection
	GlobalSection(SolutionProperties) = preSolution
		HideSolutionNode = FALSE
	EndGlobalSection
	GlobalSection(NestedProjects) = preSolution
		{11A1718E-30C3-496E-B8FF-5D0DD1218B0C} = {962E9414-68E3-4CC6-82BF-533091D1F1A5}
	EndGlobalSection
	GlobalSection(ExtensibilityGlobals) = postSolution
		SolutionGuid = {E7CFAF73-3BE4-4B4F-87A6-979BDF2321F4}
	EndGlobalSection
EndGlobal
