
Microsoft Visual Studio Solution File, Format Version 12.00
# Visual Studio Version 16
VisualStudioVersion = 16.0.29001.49
MinimumVisualStudioVersion = 10.0.40219.1
Project("{9A19103F-16F7-4668-BE54-9A1E7A4F7556}") = "WebApi.Core", "WebApi.Core\WebApi.Core.csproj", "{976975B3-5C78-4F36-B77D-2D8A611B2452}"
EndProject
Global
	GlobalSection(SolutionConfigurationPlatforms) = preSolution
		Debug|Any CPU = Debug|Any CPU
		Release|Any CPU = Release|Any CPU
	EndGlobalSection
	GlobalSection(ProjectConfigurationPlatforms) = postSolution
		{976975B3-5C78-4F36-B77D-2D8A611B2452}.Debug|Any CPU.ActiveCfg = Debug|Any CPU
		{976975B3-5C78-4F36-B77D-2D8A611B2452}.Debug|Any CPU.Build.0 = Debug|Any CPU
		{976975B3-5C78-4F36-B77D-2D8A611B2452}.Release|Any CPU.ActiveCfg = Release|Any CPU
		{976975B3-5C78-4F36-B77D-2D8A611B2452}.Release|Any CPU.Build.0 = Release|Any CPU
	EndGlobalSection
	GlobalSection(SolutionProperties) = preSolution
		HideSolutionNode = FALSE
	EndGlobalSection
	GlobalSection(ExtensibilityGlobals) = postSolution
		SolutionGuid = {F04289F1-50C8-49A0-90EA-D15199FFF1E7}
	EndGlobalSection
EndGlobal
